
Microsoft Visual Studio Solution File, Format Version 12.00
# Visual Studio 15
Project("{FAE04EC0-301F-11D3-BF4B-00C04F79EFBC}") = "Assembly-CSharp", "Assembly-CSharp.csproj", "{A2F14DC2-0A06-B604-3FA7-590B81C9721B}"
EndProject
Project("{FAE04EC0-301F-11D3-BF4B-00C04F79EFBC}") = "Assembly-CSharp-Editor", "Assembly-CSharp-Editor.csproj", "{7E912038-8037-2483-4819-1DB61E4CF39E}"
EndProject
Global
	GlobalSection(SolutionConfigurationPlatforms) = preSolution
		Debug|Any CPU = Debug|Any CPU
		Release|Any CPU = Release|Any CPU
	EndGlobalSection
	GlobalSection(ProjectConfigurationPlatforms) = postSolution
		{A2F14DC2-0A06-B604-3FA7-590B81C9721B}.Debug|Any CPU.ActiveCfg = Debug|Any CPU
		{A2F14DC2-0A06-B604-3FA7-590B81C9721B}.Debug|Any CPU.Build.0 = Debug|Any CPU
		{A2F14DC2-0A06-B604-3FA7-590B81C9721B}.Release|Any CPU.ActiveCfg = Release|Any CPU
		{A2F14DC2-0A06-B604-3FA7-590B81C9721B}.Release|Any CPU.Build.0 = Release|Any CPU
		{7E912038-8037-2483-4819-1DB61E4CF39E}.Debug|Any CPU.ActiveCfg = Debug|Any CPU
		{7E912038-8037-2483-4819-1DB61E4CF39E}.Debug|Any CPU.Build.0 = Debug|Any CPU
		{7E912038-8037-2483-4819-1DB61E4CF39E}.Release|Any CPU.ActiveCfg = Release|Any CPU
		{7E912038-8037-2483-4819-1DB61E4CF39E}.Release|Any CPU.Build.0 = Release|Any CPU
	EndGlobalSection
	GlobalSection(SolutionProperties) = preSolution
		HideSolutionNode = FALSE
	EndGlobalSection
EndGlobal
